
Microsoft Visual Studio Solution File, Format Version 12.00
# Visual Studio Version 16
VisualStudioVersion = 16.0.30225.117
MinimumVisualStudioVersion = 10.0.40219.1
Project("{9A19103F-16F7-4668-BE54-9A1E7A4F7556}") = "DesignPatterns", "DesignPatterns\DesignPatterns.csproj", "{4D76F3BA-14D4-4059-AD30-0A20564FB61D}"
EndProject
Project("{9A19103F-16F7-4668-BE54-9A1E7A4F7556}") = "DesignPatterns.Strategy", "DesignPatterns.Strategy\DesignPatterns.Strategy.csproj", "{32D48FB4-796A-4F8D-878C-C0BC9A53BAB7}"
EndProject
Project("{9A19103F-16F7-4668-BE54-9A1E7A4F7556}") = "DesignPatterns.Observer", "DesignPatterns.Observer\DesignPatterns.Observer.csproj", "{12B4F83E-1550-47E0-81A3-2B458526071F}"
EndProject
Project("{9A19103F-16F7-4668-BE54-9A1E7A4F7556}") = "DesignPatterns.Decorator", "DesignPatterns.Decorator\DesignPatterns.Decorator.csproj", "{9F0A1DE7-A7BA-4C0A-B379-30DFFEDEDF81}"
EndProject
Project("{9A19103F-16F7-4668-BE54-9A1E7A4F7556}") = "DesignPatterns.Singleton", "DesignPatterns.Singleton\DesignPatterns.Singleton.csproj", "{1956F245-88CD-4180-9622-676EAA22F7D0}"
EndProject
Project("{9A19103F-16F7-4668-BE54-9A1E7A4F7556}") = "DesignPatterns.AbstractFactory", "DesignPatterns.AbstractFactory\DesignPatterns.AbstractFactory.csproj", "{C9A7252B-7B31-48C8-A161-78DD848156BC}"
EndProject
Project("{9A19103F-16F7-4668-BE54-9A1E7A4F7556}") = "DesignPatterns.MethodFactory", "DesignPatterns.MethodFactory\DesignPatterns.MethodFactory.csproj", "{894D29C8-8110-4DFC-9779-9532F4A55128}"
EndProject
Project("{FAE04EC0-301F-11D3-BF4B-00C04F79EFBC}") = "DesignPatterns.SimpleFactory", "DesignPatterns.SimpleFactory\DesignPatterns.SimpleFactory.csproj", "{7017BAEE-7D28-4D93-89F3-64BE2B1BAD54}"
EndProject
Project("{FAE04EC0-301F-11D3-BF4B-00C04F79EFBC}") = "DesignPatterns.Command", "DesignPatterns.Command\DesignPatterns.Command.csproj", "{A6FA2AEC-C030-4073-81CD-D7B6602844D5}"
EndProject
Global
	GlobalSection(SolutionConfigurationPlatforms) = preSolution
		Debug|Any CPU = Debug|Any CPU
		Release|Any CPU = Release|Any CPU
	EndGlobalSection
	GlobalSection(ProjectConfigurationPlatforms) = postSolution
		{4D76F3BA-14D4-4059-AD30-0A20564FB61D}.Debug|Any CPU.ActiveCfg = Debug|Any CPU
		{4D76F3BA-14D4-4059-AD30-0A20564FB61D}.Debug|Any CPU.Build.0 = Debug|Any CPU
		{4D76F3BA-14D4-4059-AD30-0A20564FB61D}.Release|Any CPU.ActiveCfg = Release|Any CPU
		{4D76F3BA-14D4-4059-AD30-0A20564FB61D}.Release|Any CPU.Build.0 = Release|Any CPU
		{32D48FB4-796A-4F8D-878C-C0BC9A53BAB7}.Debug|Any CPU.ActiveCfg = Debug|Any CPU
		{32D48FB4-796A-4F8D-878C-C0BC9A53BAB7}.Debug|Any CPU.Build.0 = Debug|Any CPU
		{32D48FB4-796A-4F8D-878C-C0BC9A53BAB7}.Release|Any CPU.ActiveCfg = Release|Any CPU
		{32D48FB4-796A-4F8D-878C-C0BC9A53BAB7}.Release|Any CPU.Build.0 = Release|Any CPU
		{12B4F83E-1550-47E0-81A3-2B458526071F}.Debug|Any CPU.ActiveCfg = Debug|Any CPU
		{12B4F83E-1550-47E0-81A3-2B458526071F}.Debug|Any CPU.Build.0 = Debug|Any CPU
		{12B4F83E-1550-47E0-81A3-2B458526071F}.Release|Any CPU.ActiveCfg = Release|Any CPU
		{12B4F83E-1550-47E0-81A3-2B458526071F}.Release|Any CPU.Build.0 = Release|Any CPU
		{9F0A1DE7-A7BA-4C0A-B379-30DFFEDEDF81}.Debug|Any CPU.ActiveCfg = Debug|Any CPU
		{9F0A1DE7-A7BA-4C0A-B379-30DFFEDEDF81}.Debug|Any CPU.Build.0 = Debug|Any CPU
		{9F0A1DE7-A7BA-4C0A-B379-30DFFEDEDF81}.Release|Any CPU.ActiveCfg = Release|Any CPU
		{9F0A1DE7-A7BA-4C0A-B379-30DFFEDEDF81}.Release|Any CPU.Build.0 = Release|Any CPU
		{1956F245-88CD-4180-9622-676EAA22F7D0}.Debug|Any CPU.ActiveCfg = Debug|Any CPU
		{1956F245-88CD-4180-9622-676EAA22F7D0}.Debug|Any CPU.Build.0 = Debug|Any CPU
		{1956F245-88CD-4180-9622-676EAA22F7D0}.Release|Any CPU.ActiveCfg = Release|Any CPU
		{1956F245-88CD-4180-9622-676EAA22F7D0}.Release|Any CPU.Build.0 = Release|Any CPU
		{C9A7252B-7B31-48C8-A161-78DD848156BC}.Debug|Any CPU.ActiveCfg = Debug|Any CPU
		{C9A7252B-7B31-48C8-A161-78DD848156BC}.Debug|Any CPU.Build.0 = Debug|Any CPU
		{C9A7252B-7B31-48C8-A161-78DD848156BC}.Release|Any CPU.ActiveCfg = Release|Any CPU
		{C9A7252B-7B31-48C8-A161-78DD848156BC}.Release|Any CPU.Build.0 = Release|Any CPU
		{894D29C8-8110-4DFC-9779-9532F4A55128}.Debug|Any CPU.ActiveCfg = Debug|Any CPU
		{894D29C8-8110-4DFC-9779-9532F4A55128}.Debug|Any CPU.Build.0 = Debug|Any CPU
		{894D29C8-8110-4DFC-9779-9532F4A55128}.Release|Any CPU.ActiveCfg = Release|Any CPU
		{894D29C8-8110-4DFC-9779-9532F4A55128}.Release|Any CPU.Build.0 = Release|Any CPU
		{7017BAEE-7D28-4D93-89F3-64BE2B1BAD54}.Debug|Any CPU.ActiveCfg = Debug|Any CPU
		{7017BAEE-7D28-4D93-89F3-64BE2B1BAD54}.Debug|Any CPU.Build.0 = Debug|Any CPU
		{7017BAEE-7D28-4D93-89F3-64BE2B1BAD54}.Release|Any CPU.ActiveCfg = Release|Any CPU
		{7017BAEE-7D28-4D93-89F3-64BE2B1BAD54}.Release|Any CPU.Build.0 = Release|Any CPU
		{A6FA2AEC-C030-4073-81CD-D7B6602844D5}.Debug|Any CPU.ActiveCfg = Debug|Any CPU
		{A6FA2AEC-C030-4073-81CD-D7B6602844D5}.Debug|Any CPU.Build.0 = Debug|Any CPU
		{A6FA2AEC-C030-4073-81CD-D7B6602844D5}.Release|Any CPU.ActiveCfg = Release|Any CPU
		{A6FA2AEC-C030-4073-81CD-D7B6602844D5}.Release|Any CPU.Build.0 = Release|Any CPU
	EndGlobalSection
	GlobalSection(SolutionProperties) = preSolution
		HideSolutionNode = FALSE
	EndGlobalSection
	GlobalSection(ExtensibilityGlobals) = postSolution
		SolutionGuid = {F5F77E08-36A3-4A26-A8F0-CC467DA65D15}
	EndGlobalSection
EndGlobal
